// !$*UTF8*$!
{
	archiveVersion = 1;
	classes = {
	};
	objectVersion = 55;
	objects = {

/* Begin PBXBuildFile section */
		2686E6022909C0E8008414D3 /* SnakeApp.swift in Sources */ = {isa = PBXBuildFile; fileRef = 2686E6012909C0E8008414D3 /* SnakeApp.swift */; };
		2686E6042909C0E8008414D3 /* GameView.swift in Sources */ = {isa = PBXBuildFile; fileRef = 2686E6032909C0E8008414D3 /* GameView.swift */; };
		2686E6062909C0EA008414D3 /* Assets.xcassets in Resources */ = {isa = PBXBuildFile; fileRef = 2686E6052909C0EA008414D3 /* Assets.xcassets */; };
		2686E6092909C0EA008414D3 /* Preview Assets.xcassets in Resources */ = {isa = PBXBuildFile; fileRef = 2686E6082909C0EA008414D3 /* Preview Assets.xcassets */; };
		2686E6132909C0EA008414D3 /* SnakeTests.swift in Sources */ = {isa = PBXBuildFile; fileRef = 2686E6122909C0EA008414D3 /* SnakeTests.swift */; };
		2686E61D2909C0EA008414D3 /* SnakeUITests.swift in Sources */ = {isa = PBXBuildFile; fileRef = 2686E61C2909C0EA008414D3 /* SnakeUITests.swift */; };
		2686E61F2909C0EA008414D3 /* SnakeUITestsLaunchTests.swift in Sources */ = {isa = PBXBuildFile; fileRef = 2686E61E2909C0EA008414D3 /* SnakeUITestsLaunchTests.swift */; };
		2686E62C2909C139008414D3 /* GameViewModel.swift in Sources */ = {isa = PBXBuildFile; fileRef = 2686E62B2909C139008414D3 /* GameViewModel.swift */; };
		26C0FF592A51B754000CF775 /* Directions.swift in Sources */ = {isa = PBXBuildFile; fileRef = 26C0FF582A51B754000CF775 /* Directions.swift */; };
		26C0FF5B2A51B775000CF775 /* SquareType.swift in Sources */ = {isa = PBXBuildFile; fileRef = 26C0FF5A2A51B775000CF775 /* SquareType.swift */; };
/* End PBXBuildFile section */

/* Begin PBXContainerItemProxy section */
		2686E60F2909C0EA008414D3 /* PBXContainerItemProxy */ = {
			isa = PBXContainerItemProxy;
			containerPortal = 2686E5F62909C0E8008414D3 /* Project object */;
			proxyType = 1;
			remoteGlobalIDString = 2686E5FD2909C0E8008414D3;
			remoteInfo = Snake;
		};
		2686E6192909C0EA008414D3 /* PBXContainerItemProxy */ = {
			isa = PBXContainerItemProxy;
			containerPortal = 2686E5F62909C0E8008414D3 /* Project object */;
			proxyType = 1;
			remoteGlobalIDString = 2686E5FD2909C0E8008414D3;
			remoteInfo = Snake;
		};
/* End PBXContainerItemProxy section */

/* Begin PBXFileReference section */
		2686E5FE2909C0E8008414D3 /* Snake.app */ = {isa = PBXFileReference; explicitFileType = wrapper.application; includeInIndex = 0; path = Snake.app; sourceTree = BUILT_PRODUCTS_DIR; };
		2686E6012909C0E8008414D3 /* SnakeApp.swift */ = {isa = PBXFileReference; lastKnownFileType = sourcecode.swift; path = SnakeApp.swift; sourceTree = "<group>"; };
		2686E6032909C0E8008414D3 /* GameView.swift */ = {isa = PBXFileReference; lastKnownFileType = sourcecode.swift; path = GameView.swift; sourceTree = "<group>"; };
		2686E6052909C0EA008414D3 /* Assets.xcassets */ = {isa = PBXFileReference; lastKnownFileType = folder.assetcatalog; path = Assets.xcassets; sourceTree = "<group>"; };
		2686E6082909C0EA008414D3 /* Preview Assets.xcassets */ = {isa = PBXFileReference; lastKnownFileType = folder.assetcatalog; path = "Preview Assets.xcassets"; sourceTree = "<group>"; };
		2686E60E2909C0EA008414D3 /* SnakeTests.xctest */ = {isa = PBXFileReference; explicitFileType = wrapper.cfbundle; includeInIndex = 0; path = SnakeTests.xctest; sourceTree = BUILT_PRODUCTS_DIR; };
		2686E6122909C0EA008414D3 /* SnakeTests.swift */ = {isa = PBXFileReference; lastKnownFileType = sourcecode.swift; path = SnakeTests.swift; sourceTree = "<group>"; };
		2686E6182909C0EA008414D3 /* SnakeUITests.xctest */ = {isa = PBXFileReference; explicitFileType = wrapper.cfbundle; includeInIndex = 0; path = SnakeUITests.xctest; sourceTree = BUILT_PRODUCTS_DIR; };
		2686E61C2909C0EA008414D3 /* SnakeUITests.swift */ = {isa = PBXFileReference; lastKnownFileType = sourcecode.swift; path = SnakeUITests.swift; sourceTree = "<group>"; };
		2686E61E2909C0EA008414D3 /* SnakeUITestsLaunchTests.swift */ = {isa = PBXFileReference; lastKnownFileType = sourcecode.swift; path = SnakeUITestsLaunchTests.swift; sourceTree = "<group>"; };
		2686E62B2909C139008414D3 /* GameViewModel.swift */ = {isa = PBXFileReference; lastKnownFileType = sourcecode.swift; path = GameViewModel.swift; sourceTree = "<group>"; };
		26C0FF582A51B754000CF775 /* Directions.swift */ = {isa = PBXFileReference; lastKnownFileType = sourcecode.swift; path = Directions.swift; sourceTree = "<group>"; };
		26C0FF5A2A51B775000CF775 /* SquareType.swift */ = {isa = PBXFileReference; lastKnownFileType = sourcecode.swift; path = SquareType.swift; sourceTree = "<group>"; };
/* End PBXFileReference section */

/* Begin PBXFrameworksBuildPhase section */
		2686E5FB2909C0E8008414D3 /* Frameworks */ = {
			isa = PBXFrameworksBuildPhase;
			buildActionMask = 2147483647;
			files = (
			);
			runOnlyForDeploymentPostprocessing = 0;
		};
		2686E60B2909C0EA008414D3 /* Frameworks */ = {
			isa = PBXFrameworksBuildPhase;
			buildActionMask = 2147483647;
			files = (
			);
			runOnlyForDeploymentPostprocessing = 0;
		};
		2686E6152909C0EA008414D3 /* Frameworks */ = {
			isa = PBXFrameworksBuildPhase;
			buildActionMask = 2147483647;
			files = (
			);
			runOnlyForDeploymentPostprocessing = 0;
		};
/* End PBXFrameworksBuildPhase section */

/* Begin PBXGroup section */
		2686E5F52909C0E8008414D3 = {
			isa = PBXGroup;
			children = (
				2686E6002909C0E8008414D3 /* Snake */,
				2686E6112909C0EA008414D3 /* SnakeTests */,
				2686E61B2909C0EA008414D3 /* SnakeUITests */,
				2686E5FF2909C0E8008414D3 /* Products */,
			);
			sourceTree = "<group>";
		};
		2686E5FF2909C0E8008414D3 /* Products */ = {
			isa = PBXGroup;
			children = (
				2686E5FE2909C0E8008414D3 /* Snake.app */,
				2686E60E2909C0EA008414D3 /* SnakeTests.xctest */,
				2686E6182909C0EA008414D3 /* SnakeUITests.xctest */,
			);
			name = Products;
			sourceTree = "<group>";
		};
		2686E6002909C0E8008414D3 /* Snake */ = {
			isa = PBXGroup;
			children = (
				2686E6012909C0E8008414D3 /* SnakeApp.swift */,
				2686E6032909C0E8008414D3 /* GameView.swift */,
				2686E62B2909C139008414D3 /* GameViewModel.swift */,
				26C0FF582A51B754000CF775 /* Directions.swift */,
				26C0FF5A2A51B775000CF775 /* SquareType.swift */,
				2686E6052909C0EA008414D3 /* Assets.xcassets */,
				2686E6072909C0EA008414D3 /* Preview Content */,
			);
			path = Snake;
			sourceTree = "<group>";
		};
		2686E6072909C0EA008414D3 /* Preview Content */ = {
			isa = PBXGroup;
			children = (
				2686E6082909C0EA008414D3 /* Preview Assets.xcassets */,
			);
			path = "Preview Content";
			sourceTree = "<group>";
		};
		2686E6112909C0EA008414D3 /* SnakeTests */ = {
			isa = PBXGroup;
			children = (
				2686E6122909C0EA008414D3 /* SnakeTests.swift */,
			);
			path = SnakeTests;
			sourceTree = "<group>";
		};
		2686E61B2909C0EA008414D3 /* SnakeUITests */ = {
			isa = PBXGroup;
			children = (
				2686E61C2909C0EA008414D3 /* SnakeUITests.swift */,
				2686E61E2909C0EA008414D3 /* SnakeUITestsLaunchTests.swift */,
			);
			path = SnakeUITests;
			sourceTree = "<group>";
		};
/* End PBXGroup section */

/* Begin PBXNativeTarget section */
		2686E5FD2909C0E8008414D3 /* Snake */ = {
			isa = PBXNativeTarget;
			buildConfigurationList = 2686E6222909C0EA008414D3 /* Build configuration list for PBXNativeTarget "Snake" */;
			buildPhases = (
				2686E5FA2909C0E8008414D3 /* Sources */,
				2686E5FB2909C0E8008414D3 /* Frameworks */,
				2686E5FC2909C0E8008414D3 /* Resources */,
			);
			buildRules = (
			);
			dependencies = (
			);
			name = Snake;
			productName = Snake;
			productReference = 2686E5FE2909C0E8008414D3 /* Snake.app */;
			productType = "com.apple.product-type.application";
		};
		2686E60D2909C0EA008414D3 /* SnakeTests */ = {
			isa = PBXNativeTarget;
			buildConfigurationList = 2686E6252909C0EA008414D3 /* Build configuration list for PBXNativeTarget "SnakeTests" */;
			buildPhases = (
				2686E60A2909C0EA008414D3 /* Sources */,
				2686E60B2909C0EA008414D3 /* Frameworks */,
				2686E60C2909C0EA008414D3 /* Resources */,
			);
			buildRules = (
			);
			dependencies = (
				2686E6102909C0EA008414D3 /* PBXTargetDependency */,
			);
			name = SnakeTests;
			productName = SnakeTests;
			productReference = 2686E60E2909C0EA008414D3 /* SnakeTests.xctest */;
			productType = "com.apple.product-type.bundle.unit-test";
		};
		2686E6172909C0EA008414D3 /* SnakeUITests */ = {
			isa = PBXNativeTarget;
			buildConfigurationList = 2686E6282909C0EA008414D3 /* Build configuration list for PBXNativeTarget "SnakeUITests" */;
			buildPhases = (
				2686E6142909C0EA008414D3 /* Sources */,
				2686E6152909C0EA008414D3 /* Frameworks */,
				2686E6162909C0EA008414D3 /* Resources */,
			);
			buildRules = (
			);
			dependencies = (
				2686E61A2909C0EA008414D3 /* PBXTargetDependency */,
			);
			name = SnakeUITests;
			productName = SnakeUITests;
			productReference = 2686E6182909C0EA008414D3 /* SnakeUITests.xctest */;
			productType = "com.apple.product-type.bundle.ui-testing";
		};
/* End PBXNativeTarget section */

/* Begin PBXProject section */
		2686E5F62909C0E8008414D3 /* Project object */ = {
			isa = PBXProject;
			attributes = {
				BuildIndependentTargetsInParallel = 1;
				LastSwiftUpdateCheck = 1340;
				LastUpgradeCheck = 1340;
				TargetAttributes = {
					2686E5FD2909C0E8008414D3 = {
						CreatedOnToolsVersion = 13.4;
					};
					2686E60D2909C0EA008414D3 = {
						CreatedOnToolsVersion = 13.4;
						TestTargetID = 2686E5FD2909C0E8008414D3;
					};
					2686E6172909C0EA008414D3 = {
						CreatedOnToolsVersion = 13.4;
						TestTargetID = 2686E5FD2909C0E8008414D3;
					};
				};
			};
			buildConfigurationList = 2686E5F92909C0E8008414D3 /* Build configuration list for PBXProject "Snake" */;
			compatibilityVersion = "Xcode 13.0";
			developmentRegion = en;
			hasScannedForEncodings = 0;
			knownRegions = (
				en,
				Base,
			);
			mainGroup = 2686E5F52909C0E8008414D3;
			productRefGroup = 2686E5FF2909C0E8008414D3 /* Products */;
			projectDirPath = "";
			projectRoot = "";
			targets = (
				2686E5FD2909C0E8008414D3 /* Snake */,
				2686E60D2909C0EA008414D3 /* SnakeTests */,
				2686E6172909C0EA008414D3 /* SnakeUITests */,
			);
		};
/* End PBXProject section */

/* Begin PBXResourcesBuildPhase section */
		2686E5FC2909C0E8008414D3 /* Resources */ = {
			isa = PBXResourcesBuildPhase;
			buildActionMask = 2147483647;
			files = (
				2686E6092909C0EA008414D3 /* Preview Assets.xcassets in Resources */,
				2686E6062909C0EA008414D3 /* Assets.xcassets in Resources */,
			);
			runOnlyForDeploymentPostprocessing = 0;
		};
		2686E60C2909C0EA008414D3 /* Resources */ = {
			isa = PBXResourcesBuildPhase;
			buildActionMask = 2147483647;
			files = (
			);
			runOnlyForDeploymentPostprocessing = 0;
		};
		2686E6162909C0EA008414D3 /* Resources */ = {
			isa = PBXResourcesBuildPhase;
			buildActionMask = 2147483647;
			files = (
			);
			runOnlyForDeploymentPostprocessing = 0;
		};
/* End PBXResourcesBuildPhase section */

/* Begin PBXSourcesBuildPhase section */
		2686E5FA2909C0E8008414D3 /* Sources */ = {
			isa = PBXSourcesBuildPhase;
			buildActionMask = 2147483647;
			files = (
				2686E62C2909C139008414D3 /* GameViewModel.swift in Sources */,
				2686E6042909C0E8008414D3 /* GameView.swift in Sources */,
				2686E6022909C0E8008414D3 /* SnakeApp.swift in Sources */,
				26C0FF5B2A51B775000CF775 /* SquareType.swift in Sources */,
				26C0FF592A51B754000CF775 /* Directions.swift in Sources */,
			);
			runOnlyForDeploymentPostprocessing = 0;
		};
		2686E60A2909C0EA008414D3 /* Sources */ = {
			isa = PBXSourcesBuildPhase;
			buildActionMask = 2147483647;
			files = (
				2686E6132909C0EA008414D3 /* SnakeTests.swift in Sources */,
			);
			runOnlyForDeploymentPostprocessing = 0;
		};
		2686E6142909C0EA008414D3 /* Sources */ = {
			isa = PBXSourcesBuildPhase;
			buildActionMask = 2147483647;
			files = (
				2686E61D2909C0EA008414D3 /* SnakeUITests.swift in Sources */,
				2686E61F2909C0EA008414D3 /* SnakeUITestsLaunchTests.swift in Sources */,
			);
			runOnlyForDeploymentPostprocessing = 0;
		};
/* End PBXSourcesBuildPhase section */

/* Begin PBXTargetDependency section */
		2686E6102909C0EA008414D3 /* PBXTargetDependency */ = {
			isa = PBXTargetDependency;
			target = 2686E5FD2909C0E8008414D3 /* Snake */;
			targetProxy = 2686E60F2909C0EA008414D3 /* PBXContainerItemProxy */;
		};
		2686E61A2909C0EA008414D3 /* PBXTargetDependency */ = {
			isa = PBXTargetDependency;
			target = 2686E5FD2909C0E8008414D3 /* Snake */;
			targetProxy = 2686E6192909C0EA008414D3 /* PBXContainerItemProxy */;
		};
/* End PBXTargetDependency section */

/* Begin XCBuildConfiguration section */
		2686E6202909C0EA008414D3 /* Debug */ = {
			isa = XCBuildConfiguration;
			buildSettings = {
				ALWAYS_SEARCH_USER_PATHS = NO;
				CLANG_ANALYZER_NONNULL = YES;
				CLANG_ANALYZER_NUMBER_OBJECT_CONVERSION = YES_AGGRESSIVE;
				CLANG_CXX_LANGUAGE_STANDARD = "gnu++17";
				CLANG_ENABLE_MODULES = YES;
				CLANG_ENABLE_OBJC_ARC = YES;
				CLANG_ENABLE_OBJC_WEAK = YES;
				CLANG_WARN_BLOCK_CAPTURE_AUTORELEASING = YES;
				CLANG_WARN_BOOL_CONVERSION = YES;
				CLANG_WARN_COMMA = YES;
				CLANG_WARN_CONSTANT_CONVERSION = YES;
				CLANG_WARN_DEPRECATED_OBJC_IMPLEMENTATIONS = YES;
				CLANG_WARN_DIRECT_OBJC_ISA_USAGE = YES_ERROR;
				CLANG_WARN_DOCUMENTATION_COMMENTS = YES;
				CLANG_WARN_EMPTY_BODY = YES;
				CLANG_WARN_ENUM_CONVERSION = YES;
				CLANG_WARN_INFINITE_RECURSION = YES;
				CLANG_WARN_INT_CONVERSION = YES;
				CLANG_WARN_NON_LITERAL_NULL_CONVERSION = YES;
				CLANG_WARN_OBJC_IMPLICIT_RETAIN_SELF = YES;
				CLANG_WARN_OBJC_LITERAL_CONVERSION = YES;
				CLANG_WARN_OBJC_ROOT_CLASS = YES_ERROR;
				CLANG_WARN_QUOTED_INCLUDE_IN_FRAMEWORK_HEADER = YES;
				CLANG_WARN_RANGE_LOOP_ANALYSIS = YES;
				CLANG_WARN_STRICT_PROTOTYPES = YES;
				CLANG_WARN_SUSPICIOUS_MOVE = YES;
				CLANG_WARN_UNGUARDED_AVAILABILITY = YES_AGGRESSIVE;
				CLANG_WARN_UNREACHABLE_CODE = YES;
				CLANG_WARN__DUPLICATE_METHOD_MATCH = YES;
				COPY_PHASE_STRIP = NO;
				DEBUG_INFORMATION_FORMAT = dwarf;
				ENABLE_STRICT_OBJC_MSGSEND = YES;
				ENABLE_TESTABILITY = YES;
				GCC_C_LANGUAGE_STANDARD = gnu11;
				GCC_DYNAMIC_NO_PIC = NO;
				GCC_NO_COMMON_BLOCKS = YES;
				GCC_OPTIMIZATION_LEVEL = 0;
				GCC_PREPROCESSOR_DEFINITIONS = (
					"DEBUG=1",
					"$(inherited)",
				);
				GCC_WARN_64_TO_32_BIT_CONVERSION = YES;
				GCC_WARN_ABOUT_RETURN_TYPE = YES_ERROR;
				GCC_WARN_UNDECLARED_SELECTOR = YES;
				GCC_WARN_UNINITIALIZED_AUTOS = YES_AGGRESSIVE;
				GCC_WARN_UNUSED_FUNCTION = YES;
				GCC_WARN_UNUSED_VARIABLE = YES;
				IPHONEOS_DEPLOYMENT_TARGET = 15.5;
				MTL_ENABLE_DEBUG_INFO = INCLUDE_SOURCE;
				MTL_FAST_MATH = YES;
				ONLY_ACTIVE_ARCH = YES;
				SDKROOT = iphoneos;
				SWIFT_ACTIVE_COMPILATION_CONDITIONS = DEBUG;
				SWIFT_OPTIMIZATION_LEVEL = "-Onone";
			};
			name = Debug;
		};
		2686E6212909C0EA008414D3 /* Release */ = {
			isa = XCBuildConfiguration;
			buildSettings = {
				ALWAYS_SEARCH_USER_PATHS = NO;
				CLANG_ANALYZER_NONNULL = YES;
				CLANG_ANALYZER_NUMBER_OBJECT_CONVERSION = YES_AGGRESSIVE;
				CLANG_CXX_LANGUAGE_STANDARD = "gnu++17";
				CLANG_ENABLE_MODULES = YES;
				CLANG_ENABLE_OBJC_ARC = YES;
				CLANG_ENABLE_OBJC_WEAK = YES;
				CLANG_WARN_BLOCK_CAPTURE_AUTORELEASING = YES;
				CLANG_WARN_BOOL_CONVERSION = YES;
				CLANG_WARN_COMMA = YES;
				CLANG_WARN_CONSTANT_CONVERSION = YES;
				CLANG_WARN_DEPRECATED_OBJC_IMPLEMENTATIONS = YES;
				CLANG_WARN_DIRECT_OBJC_ISA_USAGE = YES_ERROR;
				CLANG_WARN_DOCUMENTATION_COMMENTS = YES;
				CLANG_WARN_EMPTY_BODY = YES;
				CLANG_WARN_ENUM_CONVERSION = YES;
				CLANG_WARN_INFINITE_RECURSION = YES;
				CLANG_WARN_INT_CONVERSION = YES;
				CLANG_WARN_NON_LITERAL_NULL_CONVERSION = YES;
				CLANG_WARN_OBJC_IMPLICIT_RETAIN_SELF = YES;
				CLANG_WARN_OBJC_LITERAL_CONVERSION = YES;
				CLANG_WARN_OBJC_ROOT_CLASS = YES_ERROR;
				CLANG_WARN_QUOTED_INCLUDE_IN_FRAMEWORK_HEADER = YES;
				CLANG_WARN_RANGE_LOOP_ANALYSIS = YES;
				CLANG_WARN_STRICT_PROTOTYPES = YES;
				CLANG_WARN_SUSPICIOUS_MOVE = YES;
				CLANG_WARN_UNGUARDED_AVAILABILITY = YES_AGGRESSIVE;
				CLANG_WARN_UNREACHABLE_CODE = YES;
				CLANG_WARN__DUPLICATE_METHOD_MATCH = YES;
				COPY_PHASE_STRIP = NO;
				DEBUG_INFORMATION_FORMAT = "dwarf-with-dsym";
				ENABLE_NS_ASSERTIONS = NO;
				ENABLE_STRICT_OBJC_MSGSEND = YES;
				GCC_C_LANGUAGE_STANDARD = gnu11;
				GCC_NO_COMMON_BLOCKS = YES;
				GCC_WARN_64_TO_32_BIT_CONVERSION = YES;
				GCC_WARN_ABOUT_RETURN_TYPE = YES_ERROR;
				GCC_WARN_UNDECLARED_SELECTOR = YES;
				GCC_WARN_UNINITIALIZED_AUTOS = YES_AGGRESSIVE;
				GCC_WARN_UNUSED_FUNCTION = YES;
				GCC_WARN_UNUSED_VARIABLE = YES;
				IPHONEOS_DEPLOYMENT_TARGET = 15.5;
				MTL_ENABLE_DEBUG_INFO = NO;
				MTL_FAST_MATH = YES;
				SDKROOT = iphoneos;
				SWIFT_COMPILATION_MODE = wholemodule;
				SWIFT_OPTIMIZATION_LEVEL = "-O";
				VALIDATE_PRODUCT = YES;
			};
			name = Release;
		};
		2686E6232909C0EA008414D3 /* Debug */ = {
			isa = XCBuildConfiguration;
			buildSettings = {
				ASSETCATALOG_COMPILER_APPICON_NAME = AppIcon;
				ASSETCATALOG_COMPILER_GLOBAL_ACCENT_COLOR_NAME = AccentColor;
				CODE_SIGN_IDENTITY = "Apple Development";
				CODE_SIGN_STYLE = Automatic;
				CURRENT_PROJECT_VERSION = 1;
				DEVELOPMENT_ASSET_PATHS = "\"Snake/Preview Content\"";
				DEVELOPMENT_TEAM = 582V3HX479;
				ENABLE_PREVIEWS = YES;
				GENERATE_INFOPLIST_FILE = YES;
				INFOPLIST_KEY_UIApplicationSceneManifest_Generation = YES;
				INFOPLIST_KEY_UIApplicationSupportsIndirectInputEvents = YES;
				INFOPLIST_KEY_UILaunchScreen_Generation = YES;
				INFOPLIST_KEY_UISupportedInterfaceOrientations = UIInterfaceOrientationPortrait;
				LD_RUNPATH_SEARCH_PATHS = (
					"$(inherited)",
					"@executable_path/Frameworks",
				);
				MARKETING_VERSION = 1.0;
				PRODUCT_BUNDLE_IDENTIFIER = apprafael.Snake;
				PRODUCT_NAME = "$(TARGET_NAME)";
				PROVISIONING_PROFILE_SPECIFIER = "";
				SWIFT_EMIT_LOC_STRINGS = YES;
				SWIFT_VERSION = 5.0;
				TARGETED_DEVICE_FAMILY = "1,2";
			};
			name = Debug;
		};
		2686E6242909C0EA008414D3 /* Release */ = {
			isa = XCBuildConfiguration;
			buildSettings = {
				ASSETCATALOG_COMPILER_APPICON_NAME = AppIcon;
				ASSETCATALOG_COMPILER_GLOBAL_ACCENT_COLOR_NAME = AccentColor;
				CODE_SIGN_IDENTITY = "Apple Development";
				CODE_SIGN_STYLE = Automatic;
				CURRENT_PROJECT_VERSION = 1;
				DEVELOPMENT_ASSET_PATHS = "\"Snake/Preview Content\"";
				DEVELOPMENT_TEAM = 582V3HX479;
				ENABLE_PREVIEWS = YES;
				GENERATE_INFOPLIST_FILE = YES;
				INFOPLIST_KEY_UIApplicationSceneManifest_Generation = YES;
				INFOPLIST_KEY_UIApplicationSupportsIndirectInputEvents = YES;
				INFOPLIST_KEY_UILaunchScreen_Generation = YES;
				INFOPLIST_KEY_UISupportedInterfaceOrientations = UIInterfaceOrientationPortrait;
				LD_RUNPATH_SEARCH_PATHS = (
					"$(inherited)",
					"@executable_path/Frameworks",
				);
				MARKETING_VERSION = 1.0;
				PRODUCT_BUNDLE_IDENTIFIER = apprafael.Snake;
				PRODUCT_NAME = "$(TARGET_NAME)";
				PROVISIONING_PROFILE_SPECIFIER = "";
				SWIFT_EMIT_LOC_STRINGS = YES;
				SWIFT_VERSION = 5.0;
				TARGETED_DEVICE_FAMILY = "1,2";
			};
			name = Release;
		};
		2686E6262909C0EA008414D3 /* Debug */ = {
			isa = XCBuildConfiguration;
			buildSettings = {
				ALWAYS_EMBED_SWIFT_STANDARD_LIBRARIES = YES;
				BUNDLE_LOADER = "$(TEST_HOST)";
				CODE_SIGN_STYLE = Automatic;
				CURRENT_PROJECT_VERSION = 1;
				GENERATE_INFOPLIST_FILE = YES;
				IPHONEOS_DEPLOYMENT_TARGET = 15.5;
				MARKETING_VERSION = 1.0;
				PRODUCT_BUNDLE_IDENTIFIER = apprafael.SnakeTests;
				PRODUCT_NAME = "$(TARGET_NAME)";
				SWIFT_EMIT_LOC_STRINGS = NO;
				SWIFT_VERSION = 5.0;
				TARGETED_DEVICE_FAMILY = "1,2";
				TEST_HOST = "$(BUILT_PRODUCTS_DIR)/Snake.app/Snake";
			};
			name = Debug;
		};
		2686E6272909C0EA008414D3 /* Release */ = {
			isa = XCBuildConfiguration;
			buildSettings = {
				ALWAYS_EMBED_SWIFT_STANDARD_LIBRARIES = YES;
				BUNDLE_LOADER = "$(TEST_HOST)";
				CODE_SIGN_STYLE = Automatic;
				CURRENT_PROJECT_VERSION = 1;
				GENERATE_INFOPLIST_FILE = YES;
				IPHONEOS_DEPLOYMENT_TARGET = 15.5;
				MARKETING_VERSION = 1.0;
				PRODUCT_BUNDLE_IDENTIFIER = apprafael.SnakeTests;
				PRODUCT_NAME = "$(TARGET_NAME)";
				SWIFT_EMIT_LOC_STRINGS = NO;
				SWIFT_VERSION = 5.0;
				TARGETED_DEVICE_FAMILY = "1,2";
				TEST_HOST = "$(BUILT_PRODUCTS_DIR)/Snake.app/Snake";
			};
			name = Release;
		};
		2686E6292909C0EA008414D3 /* Debug */ = {
			isa = XCBuildConfiguration;
			buildSettings = {
				ALWAYS_EMBED_SWIFT_STANDARD_LIBRARIES = YES;
				CODE_SIGN_STYLE = Automatic;
				CURRENT_PROJECT_VERSION = 1;
				GENERATE_INFOPLIST_FILE = YES;
				MARKETING_VERSION = 1.0;
				PRODUCT_BUNDLE_IDENTIFIER = apprafael.SnakeUITests;
				PRODUCT_NAME = "$(TARGET_NAME)";
				SWIFT_EMIT_LOC_STRINGS = NO;
				SWIFT_VERSION = 5.0;
				TARGETED_DEVICE_FAMILY = "1,2";
				TEST_TARGET_NAME = Snake;
			};
			name = Debug;
		};
		2686E62A2909C0EA008414D3 /* Release */ = {
			isa = XCBuildConfiguration;
			buildSettings = {
				ALWAYS_EMBED_SWIFT_STANDARD_LIBRARIES = YES;
				CODE_SIGN_STYLE = Automatic;
				CURRENT_PROJECT_VERSION = 1;
				GENERATE_INFOPLIST_FILE = YES;
				MARKETING_VERSION = 1.0;
				PRODUCT_BUNDLE_IDENTIFIER = apprafael.SnakeUITests;
				PRODUCT_NAME = "$(TARGET_NAME)";
				SWIFT_EMIT_LOC_STRINGS = NO;
				SWIFT_VERSION = 5.0;
				TARGETED_DEVICE_FAMILY = "1,2";
				TEST_TARGET_NAME = Snake;
			};
			name = Release;
		};
/* End XCBuildConfiguration section */

/* Begin XCConfigurationList section */
		2686E5F92909C0E8008414D3 /* Build configuration list for PBXProject "Snake" */ = {
			isa = XCConfigurationList;
			buildConfigurations = (
				2686E6202909C0EA008414D3 /* Debug */,
				2686E6212909C0EA008414D3 /* Release */,
			);
			defaultConfigurationIsVisible = 0;
			defaultConfigurationName = Release;
		};
		2686E6222909C0EA008414D3 /* Build configuration list for PBXNativeTarget "Snake" */ = {
			isa = XCConfigurationList;
			buildConfigurations = (
				2686E6232909C0EA008414D3 /* Debug */,
				2686E6242909C0EA008414D3 /* Release */,
			);
			defaultConfigurationIsVisible = 0;
			defaultConfigurationName = Release;
		};
		2686E6252909C0EA008414D3 /* Build configuration list for PBXNativeTarget "SnakeTests" */ = {
			isa = XCConfigurationList;
			buildConfigurations = (
				2686E6262909C0EA008414D3 /* Debug */,
				2686E6272909C0EA008414D3 /* Release */,
			);
			defaultConfigurationIsVisible = 0;
			defaultConfigurationName = Release;
		};
		2686E6282909C0EA008414D3 /* Build configuration list for PBXNativeTarget "SnakeUITests" */ = {
			isa = XCConfigurationList;
			buildConfigurations = (
				2686E6292909C0EA008414D3 /* Debug */,
				2686E62A2909C0EA008414D3 /* Release */,
			);
			defaultConfigurationIsVisible = 0;
			defaultConfigurationName = Release;
		};
/* End XCConfigurationList section */
	};
	rootObject = 2686E5F62909C0E8008414D3 /* Project object */;
}
